// !$*UTF8*$!
{
	archiveVersion = 1;
	classes = {
	};
	objectVersion = 46;
	objects = {

/* Begin PBXBuildFile section */
		7B452B7B01E67E789DCE6865 /* Pods_Instagram.framework in Frameworks */ = {isa = PBXBuildFile; fileRef = CAB282AF842966517FB1FE1A /* Pods_Instagram.framework */; };
		981587EA1E2234E300670BF2 /* AdobeCreativeSDKCore.framework in Frameworks */ = {isa = PBXBuildFile; fileRef = 981587E81E2234E300670BF2 /* AdobeCreativeSDKCore.framework */; };
		981587ED1E22353C00670BF2 /* AdobeCreativeSDKCore.framework in Embed Frameworks */ = {isa = PBXBuildFile; fileRef = 981587E81E2234E300670BF2 /* AdobeCreativeSDKCore.framework */; settings = {ATTRIBUTES = (CodeSignOnCopy, RemoveHeadersOnCopy, ); }; };
		981587EE1E22353C00670BF2 /* AdobeCreativeSDKImage.framework in Frameworks */ = {isa = PBXBuildFile; fileRef = 981587E91E2234E300670BF2 /* AdobeCreativeSDKImage.framework */; };
		981587EF1E22353C00670BF2 /* AdobeCreativeSDKImage.framework in Embed Frameworks */ = {isa = PBXBuildFile; fileRef = 981587E91E2234E300670BF2 /* AdobeCreativeSDKImage.framework */; settings = {ATTRIBUTES = (CodeSignOnCopy, RemoveHeadersOnCopy, ); }; };
		981587F21E248EBD00670BF2 /* libc++.tbd in Frameworks */ = {isa = PBXBuildFile; fileRef = 981587F11E248EBD00670BF2 /* libc++.tbd */; };
		981587F41E248ECC00670BF2 /* libz.tbd in Frameworks */ = {isa = PBXBuildFile; fileRef = 981587F31E248ECC00670BF2 /* libz.tbd */; };
		981587F61E248ED700670BF2 /* libz.1.2.5.tbd in Frameworks */ = {isa = PBXBuildFile; fileRef = 981587F51E248ED700670BF2 /* libz.1.2.5.tbd */; };
		981587F81E248EF400670BF2 /* libsqlite3.0.tbd in Frameworks */ = {isa = PBXBuildFile; fileRef = 981587F71E248EF400670BF2 /* libsqlite3.0.tbd */; };
		981587FA1E248F0B00670BF2 /* MobileCoreServices.framework in Frameworks */ = {isa = PBXBuildFile; fileRef = 981587F91E248F0B00670BF2 /* MobileCoreServices.framework */; };
		981587FC1E248F1800670BF2 /* SystemConfiguration.framework in Frameworks */ = {isa = PBXBuildFile; fileRef = 981587FB1E248F1800670BF2 /* SystemConfiguration.framework */; };
		981587FE1E248F2700670BF2 /* Accelerate.framework in Frameworks */ = {isa = PBXBuildFile; fileRef = 981587FD1E248F2700670BF2 /* Accelerate.framework */; };
		981588001E248F3400670BF2 /* CoreData.framework in Frameworks */ = {isa = PBXBuildFile; fileRef = 981587FF1E248F3400670BF2 /* CoreData.framework */; };
		981588021E248F4600670BF2 /* MessageUI.framework in Frameworks */ = {isa = PBXBuildFile; fileRef = 981588011E248F4600670BF2 /* MessageUI.framework */; };
		981588041E248F5900670BF2 /* OpenGLES.framework in Frameworks */ = {isa = PBXBuildFile; fileRef = 981588031E248F5900670BF2 /* OpenGLES.framework */; };
		981588061E248F6500670BF2 /* QuartzCore.framework in Frameworks */ = {isa = PBXBuildFile; fileRef = 981588051E248F6500670BF2 /* QuartzCore.framework */; };
		9815880C1E24B81D00670BF2 /* Const.swift in Sources */ = {isa = PBXBuildFile; fileRef = 9815880B1E24B81D00670BF2 /* Const.swift */; };
		9819BB881E25087700BA8742 /* PostTableViewCell.swift in Sources */ = {isa = PBXBuildFile; fileRef = 9819BB861E25087700BA8742 /* PostTableViewCell.swift */; };
		9819BB891E25087700BA8742 /* PostTableViewCell.xib in Resources */ = {isa = PBXBuildFile; fileRef = 9819BB871E25087700BA8742 /* PostTableViewCell.xib */; };
		9819BB8B1E25168100BA8742 /* PostData.swift in Sources */ = {isa = PBXBuildFile; fileRef = 9819BB8A1E25168100BA8742 /* PostData.swift */; };
		986436E51E29E46E00F00BBC /* ComentViewController.swift in Sources */ = {isa = PBXBuildFile; fileRef = 986436E41E29E46E00F00BBC /* ComentViewController.swift */; };
		986436E81E29E6AA00F00BBC /* ComentTableViewCell.swift in Sources */ = {isa = PBXBuildFile; fileRef = 986436E61E29E6A900F00BBC /* ComentTableViewCell.swift */; };
		986436E91E29E6AA00F00BBC /* ComentTableViewCell.xib in Resources */ = {isa = PBXBuildFile; fileRef = 986436E71E29E6AA00F00BBC /* ComentTableViewCell.xib */; };
		98DA890F1E11FFDC001DA087 /* AppDelegate.swift in Sources */ = {isa = PBXBuildFile; fileRef = 98DA890E1E11FFDC001DA087 /* AppDelegate.swift */; };
		98DA89111E11FFDC001DA087 /* ViewController.swift in Sources */ = {isa = PBXBuildFile; fileRef = 98DA89101E11FFDC001DA087 /* ViewController.swift */; };
		98DA89141E11FFDC001DA087 /* Main.storyboard in Resources */ = {isa = PBXBuildFile; fileRef = 98DA89121E11FFDC001DA087 /* Main.storyboard */; };
		98DA89161E11FFDC001DA087 /* Assets.xcassets in Resources */ = {isa = PBXBuildFile; fileRef = 98DA89151E11FFDC001DA087 /* Assets.xcassets */; };
		98DA89191E11FFDC001DA087 /* LaunchScreen.storyboard in Resources */ = {isa = PBXBuildFile; fileRef = 98DA89171E11FFDC001DA087 /* LaunchScreen.storyboard */; };
		98DA89211E120169001DA087 /* LoginViewController.swift in Sources */ = {isa = PBXBuildFile; fileRef = 98DA89201E120169001DA087 /* LoginViewController.swift */; };
		98DA89231E1201C8001DA087 /* HomeViewController.swift in Sources */ = {isa = PBXBuildFile; fileRef = 98DA89221E1201C8001DA087 /* HomeViewController.swift */; };
		98DA89251E120223001DA087 /* ImageSelectViewController.swift in Sources */ = {isa = PBXBuildFile; fileRef = 98DA89241E120223001DA087 /* ImageSelectViewController.swift */; };
		98DA89271E120279001DA087 /* PostViewController.swift in Sources */ = {isa = PBXBuildFile; fileRef = 98DA89261E120279001DA087 /* PostViewController.swift */; };
		98DA89291E1202C3001DA087 /* SettingViewController.swift in Sources */ = {isa = PBXBuildFile; fileRef = 98DA89281E1202C3001DA087 /* SettingViewController.swift */; };
		98EC8C661E162CDC00C1DBBC /* GoogleService-Info.plist in Resources */ = {isa = PBXBuildFile; fileRef = 98EC8C651E162CDC00C1DBBC /* GoogleService-Info.plist */; };
/* End PBXBuildFile section */

/* Begin PBXCopyFilesBuildPhase section */
		981587F01E22353C00670BF2 /* Embed Frameworks */ = {
			isa = PBXCopyFilesBuildPhase;
			buildActionMask = 2147483647;
			dstPath = "";
			dstSubfolderSpec = 10;
			files = (
				981587EF1E22353C00670BF2 /* AdobeCreativeSDKImage.framework in Embed Frameworks */,
				981587ED1E22353C00670BF2 /* AdobeCreativeSDKCore.framework in Embed Frameworks */,
			);
			name = "Embed Frameworks";
			runOnlyForDeploymentPostprocessing = 0;
		};
/* End PBXCopyFilesBuildPhase section */

/* Begin PBXFileReference section */
		33F2DC4F284105EDEEDDEF85 /* Pods-Instagram.debug.xcconfig */ = {isa = PBXFileReference; includeInIndex = 1; lastKnownFileType = text.xcconfig; name = "Pods-Instagram.debug.xcconfig"; path = "Pods/Target Support Files/Pods-Instagram/Pods-Instagram.debug.xcconfig"; sourceTree = "<group>"; };
		9537A23A2414C60C1AA29468 /* Pods-Instagram.release.xcconfig */ = {isa = PBXFileReference; includeInIndex = 1; lastKnownFileType = text.xcconfig; name = "Pods-Instagram.release.xcconfig"; path = "Pods/Target Support Files/Pods-Instagram/Pods-Instagram.release.xcconfig"; sourceTree = "<group>"; };
		981587E81E2234E300670BF2 /* AdobeCreativeSDKCore.framework */ = {isa = PBXFileReference; lastKnownFileType = wrapper.framework; path = AdobeCreativeSDKCore.framework; sourceTree = "<group>"; };
		981587E91E2234E300670BF2 /* AdobeCreativeSDKImage.framework */ = {isa = PBXFileReference; lastKnownFileType = wrapper.framework; path = AdobeCreativeSDKImage.framework; sourceTree = "<group>"; };
		981587F11E248EBD00670BF2 /* libc++.tbd */ = {isa = PBXFileReference; lastKnownFileType = "sourcecode.text-based-dylib-definition"; name = "libc++.tbd"; path = "usr/lib/libc++.tbd"; sourceTree = SDKROOT; };
		981587F31E248ECC00670BF2 /* libz.tbd */ = {isa = PBXFileReference; lastKnownFileType = "sourcecode.text-based-dylib-definition"; name = libz.tbd; path = usr/lib/libz.tbd; sourceTree = SDKROOT; };
		981587F51E248ED700670BF2 /* libz.1.2.5.tbd */ = {isa = PBXFileReference; lastKnownFileType = "sourcecode.text-based-dylib-definition"; name = libz.1.2.5.tbd; path = usr/lib/libz.1.2.5.tbd; sourceTree = SDKROOT; };
		981587F71E248EF400670BF2 /* libsqlite3.0.tbd */ = {isa = PBXFileReference; lastKnownFileType = "sourcecode.text-based-dylib-definition"; name = libsqlite3.0.tbd; path = usr/lib/libsqlite3.0.tbd; sourceTree = SDKROOT; };
		981587F91E248F0B00670BF2 /* MobileCoreServices.framework */ = {isa = PBXFileReference; lastKnownFileType = wrapper.framework; name = MobileCoreServices.framework; path = System/Library/Frameworks/MobileCoreServices.framework; sourceTree = SDKROOT; };
		981587FB1E248F1800670BF2 /* SystemConfiguration.framework */ = {isa = PBXFileReference; lastKnownFileType = wrapper.framework; name = SystemConfiguration.framework; path = System/Library/Frameworks/SystemConfiguration.framework; sourceTree = SDKROOT; };
		981587FD1E248F2700670BF2 /* Accelerate.framework */ = {isa = PBXFileReference; lastKnownFileType = wrapper.framework; name = Accelerate.framework; path = System/Library/Frameworks/Accelerate.framework; sourceTree = SDKROOT; };
		981587FF1E248F3400670BF2 /* CoreData.framework */ = {isa = PBXFileReference; lastKnownFileType = wrapper.framework; name = CoreData.framework; path = System/Library/Frameworks/CoreData.framework; sourceTree = SDKROOT; };
		981588011E248F4600670BF2 /* MessageUI.framework */ = {isa = PBXFileReference; lastKnownFileType = wrapper.framework; name = MessageUI.framework; path = System/Library/Frameworks/MessageUI.framework; sourceTree = SDKROOT; };
		981588031E248F5900670BF2 /* OpenGLES.framework */ = {isa = PBXFileReference; lastKnownFileType = wrapper.framework; name = OpenGLES.framework; path = System/Library/Frameworks/OpenGLES.framework; sourceTree = SDKROOT; };
		981588051E248F6500670BF2 /* QuartzCore.framework */ = {isa = PBXFileReference; lastKnownFileType = wrapper.framework; name = QuartzCore.framework; path = System/Library/Frameworks/QuartzCore.framework; sourceTree = SDKROOT; };
		981588071E248F7300670BF2 /* StoreKit.framework */ = {isa = PBXFileReference; lastKnownFileType = wrapper.framework; name = StoreKit.framework; path = System/Library/Frameworks/StoreKit.framework; sourceTree = SDKROOT; };
		9815880A1E24906600670BF2 /* Instagram-Bridging-Header.h */ = {isa = PBXFileReference; lastKnownFileType = sourcecode.c.h; path = "Instagram-Bridging-Header.h"; sourceTree = SOURCE_ROOT; };
		9815880B1E24B81D00670BF2 /* Const.swift */ = {isa = PBXFileReference; fileEncoding = 4; lastKnownFileType = sourcecode.swift; path = Const.swift; sourceTree = "<group>"; };
		9819BB861E25087700BA8742 /* PostTableViewCell.swift */ = {isa = PBXFileReference; fileEncoding = 4; lastKnownFileType = sourcecode.swift; path = PostTableViewCell.swift; sourceTree = "<group>"; };
		9819BB871E25087700BA8742 /* PostTableViewCell.xib */ = {isa = PBXFileReference; fileEncoding = 4; lastKnownFileType = file.xib; path = PostTableViewCell.xib; sourceTree = "<group>"; };
		9819BB8A1E25168100BA8742 /* PostData.swift */ = {isa = PBXFileReference; fileEncoding = 4; lastKnownFileType = sourcecode.swift; path = PostData.swift; sourceTree = "<group>"; };
		986436E41E29E46E00F00BBC /* ComentViewController.swift */ = {isa = PBXFileReference; fileEncoding = 4; lastKnownFileType = sourcecode.swift; path = ComentViewController.swift; sourceTree = "<group>"; };
		986436E61E29E6A900F00BBC /* ComentTableViewCell.swift */ = {isa = PBXFileReference; fileEncoding = 4; lastKnownFileType = sourcecode.swift; path = ComentTableViewCell.swift; sourceTree = "<group>"; };
		986436E71E29E6AA00F00BBC /* ComentTableViewCell.xib */ = {isa = PBXFileReference; fileEncoding = 4; lastKnownFileType = file.xib; path = ComentTableViewCell.xib; sourceTree = "<group>"; };
		98DA890B1E11FFDC001DA087 /* Instagram.app */ = {isa = PBXFileReference; explicitFileType = wrapper.application; includeInIndex = 0; path = Instagram.app; sourceTree = BUILT_PRODUCTS_DIR; };
		98DA890E1E11FFDC001DA087 /* AppDelegate.swift */ = {isa = PBXFileReference; lastKnownFileType = sourcecode.swift; path = AppDelegate.swift; sourceTree = "<group>"; };
		98DA89101E11FFDC001DA087 /* ViewController.swift */ = {isa = PBXFileReference; lastKnownFileType = sourcecode.swift; path = ViewController.swift; sourceTree = "<group>"; };
		98DA89131E11FFDC001DA087 /* Base */ = {isa = PBXFileReference; lastKnownFileType = file.storyboard; name = Base; path = Base.lproj/Main.storyboard; sourceTree = "<group>"; };
		98DA89151E11FFDC001DA087 /* Assets.xcassets */ = {isa = PBXFileReference; lastKnownFileType = folder.assetcatalog; path = Assets.xcassets; sourceTree = "<group>"; };
		98DA89181E11FFDC001DA087 /* Base */ = {isa = PBXFileReference; lastKnownFileType = file.storyboard; name = Base; path = Base.lproj/LaunchScreen.storyboard; sourceTree = "<group>"; };
		98DA891A1E11FFDC001DA087 /* Info.plist */ = {isa = PBXFileReference; lastKnownFileType = text.plist.xml; path = Info.plist; sourceTree = "<group>"; };
		98DA89201E120169001DA087 /* LoginViewController.swift */ = {isa = PBXFileReference; fileEncoding = 4; lastKnownFileType = sourcecode.swift; path = LoginViewController.swift; sourceTree = "<group>"; };
		98DA89221E1201C8001DA087 /* HomeViewController.swift */ = {isa = PBXFileReference; fileEncoding = 4; lastKnownFileType = sourcecode.swift; path = HomeViewController.swift; sourceTree = "<group>"; };
		98DA89241E120223001DA087 /* ImageSelectViewController.swift */ = {isa = PBXFileReference; fileEncoding = 4; lastKnownFileType = sourcecode.swift; path = ImageSelectViewController.swift; sourceTree = "<group>"; };
		98DA89261E120279001DA087 /* PostViewController.swift */ = {isa = PBXFileReference; fileEncoding = 4; lastKnownFileType = sourcecode.swift; path = PostViewController.swift; sourceTree = "<group>"; };
		98DA89281E1202C3001DA087 /* SettingViewController.swift */ = {isa = PBXFileReference; fileEncoding = 4; lastKnownFileType = sourcecode.swift; path = SettingViewController.swift; sourceTree = "<group>"; };
		98EC8C651E162CDC00C1DBBC /* GoogleService-Info.plist */ = {isa = PBXFileReference; fileEncoding = 4; lastKnownFileType = text.plist.xml; name = "GoogleService-Info.plist"; path = "../../../../Downloads/GoogleService-Info.plist"; sourceTree = "<group>"; };
		CAB282AF842966517FB1FE1A /* Pods_Instagram.framework */ = {isa = PBXFileReference; explicitFileType = wrapper.framework; includeInIndex = 0; path = Pods_Instagram.framework; sourceTree = BUILT_PRODUCTS_DIR; };
/* End PBXFileReference section */

/* Begin PBXFrameworksBuildPhase section */
		98DA89081E11FFDC001DA087 /* Frameworks */ = {
			isa = PBXFrameworksBuildPhase;
			buildActionMask = 2147483647;
			files = (
				981588061E248F6500670BF2 /* QuartzCore.framework in Frameworks */,
				981588041E248F5900670BF2 /* OpenGLES.framework in Frameworks */,
				981588021E248F4600670BF2 /* MessageUI.framework in Frameworks */,
				981588001E248F3400670BF2 /* CoreData.framework in Frameworks */,
				981587FE1E248F2700670BF2 /* Accelerate.framework in Frameworks */,
				981587FC1E248F1800670BF2 /* SystemConfiguration.framework in Frameworks */,
				981587FA1E248F0B00670BF2 /* MobileCoreServices.framework in Frameworks */,
				981587F81E248EF400670BF2 /* libsqlite3.0.tbd in Frameworks */,
				981587F61E248ED700670BF2 /* libz.1.2.5.tbd in Frameworks */,
				981587F41E248ECC00670BF2 /* libz.tbd in Frameworks */,
				981587F21E248EBD00670BF2 /* libc++.tbd in Frameworks */,
				7B452B7B01E67E789DCE6865 /* Pods_Instagram.framework in Frameworks */,
				981587EA1E2234E300670BF2 /* AdobeCreativeSDKCore.framework in Frameworks */,
				981587EE1E22353C00670BF2 /* AdobeCreativeSDKImage.framework in Frameworks */,
			);
			runOnlyForDeploymentPostprocessing = 0;
		};
/* End PBXFrameworksBuildPhase section */

/* Begin PBXGroup section */
		10A41E357DCAFDBF6C74ADF4 /* Pods */ = {
			isa = PBXGroup;
			children = (
				33F2DC4F284105EDEEDDEF85 /* Pods-Instagram.debug.xcconfig */,
				9537A23A2414C60C1AA29468 /* Pods-Instagram.release.xcconfig */,
			);
			name = Pods;
			sourceTree = "<group>";
		};
		3C6B19E7750304C642A1E6CB /* Frameworks */ = {
			isa = PBXGroup;
			children = (
				981588071E248F7300670BF2 /* StoreKit.framework */,
				981588051E248F6500670BF2 /* QuartzCore.framework */,
				981588031E248F5900670BF2 /* OpenGLES.framework */,
				981588011E248F4600670BF2 /* MessageUI.framework */,
				981587FF1E248F3400670BF2 /* CoreData.framework */,
				981587FD1E248F2700670BF2 /* Accelerate.framework */,
				981587FB1E248F1800670BF2 /* SystemConfiguration.framework */,
				981587F91E248F0B00670BF2 /* MobileCoreServices.framework */,
				981587F71E248EF400670BF2 /* libsqlite3.0.tbd */,
				981587F51E248ED700670BF2 /* libz.1.2.5.tbd */,
				981587F31E248ECC00670BF2 /* libz.tbd */,
				981587F11E248EBD00670BF2 /* libc++.tbd */,
				CAB282AF842966517FB1FE1A /* Pods_Instagram.framework */,
			);
			name = Frameworks;
			sourceTree = "<group>";
		};
		986436EB1E29E6ED00F00BBC /* Comentscrean */ = {
			isa = PBXGroup;
			children = (
				986436E41E29E46E00F00BBC /* ComentViewController.swift */,
				986436E61E29E6A900F00BBC /* ComentTableViewCell.swift */,
				986436E71E29E6AA00F00BBC /* ComentTableViewCell.xib */,
			);
			name = Comentscrean;
			sourceTree = "<group>";
		};
		98DA89021E11FFDC001DA087 = {
			isa = PBXGroup;
			children = (
				9815880A1E24906600670BF2 /* Instagram-Bridging-Header.h */,
				98DA890D1E11FFDC001DA087 /* Instagram */,
				98DA890C1E11FFDC001DA087 /* Products */,
				10A41E357DCAFDBF6C74ADF4 /* Pods */,
				3C6B19E7750304C642A1E6CB /* Frameworks */,
			);
			sourceTree = "<group>";
		};
		98DA890C1E11FFDC001DA087 /* Products */ = {
			isa = PBXGroup;
			children = (
				98DA890B1E11FFDC001DA087 /* Instagram.app */,
			);
			name = Products;
			sourceTree = "<group>";
		};
		98DA890D1E11FFDC001DA087 /* Instagram */ = {
			isa = PBXGroup;
			children = (
				981587E81E2234E300670BF2 /* AdobeCreativeSDKCore.framework */,
				981587E91E2234E300670BF2 /* AdobeCreativeSDKImage.framework */,
				98DA890E1E11FFDC001DA087 /* AppDelegate.swift */,
				986436EB1E29E6ED00F00BBC /* Comentscrean */,
				98DA89101E11FFDC001DA087 /* ViewController.swift */,
				98DA89121E11FFDC001DA087 /* Main.storyboard */,
				9819BB8A1E25168100BA8742 /* PostData.swift */,
				9819BB861E25087700BA8742 /* PostTableViewCell.swift */,
				9819BB871E25087700BA8742 /* PostTableViewCell.xib */,
				98DA89281E1202C3001DA087 /* SettingViewController.swift */,
				98DA89261E120279001DA087 /* PostViewController.swift */,
				9815880B1E24B81D00670BF2 /* Const.swift */,
				98DA89241E120223001DA087 /* ImageSelectViewController.swift */,
				98DA89221E1201C8001DA087 /* HomeViewController.swift */,
				98DA89201E120169001DA087 /* LoginViewController.swift */,
				98DA89151E11FFDC001DA087 /* Assets.xcassets */,
				98DA89171E11FFDC001DA087 /* LaunchScreen.storyboard */,
				98DA891A1E11FFDC001DA087 /* Info.plist */,
				98EC8C651E162CDC00C1DBBC /* GoogleService-Info.plist */,
			);
			path = Instagram;
			sourceTree = "<group>";
		};
/* End PBXGroup section */

/* Begin PBXNativeTarget section */
		98DA890A1E11FFDC001DA087 /* Instagram */ = {
			isa = PBXNativeTarget;
			buildConfigurationList = 98DA891D1E11FFDC001DA087 /* Build configuration list for PBXNativeTarget "Instagram" */;
			buildPhases = (
				233503D32E21AD6C82450C48 /* [CP] Check Pods Manifest.lock */,
				98DA89071E11FFDC001DA087 /* Sources */,
				98DA89081E11FFDC001DA087 /* Frameworks */,
				98DA89091E11FFDC001DA087 /* Resources */,
				2FC8AC7412F8366C82A532C0 /* [CP] Embed Pods Frameworks */,
				AC0F6CBA1185D3DE744C50EE /* [CP] Copy Pods Resources */,
				981587F01E22353C00670BF2 /* Embed Frameworks */,
				981588091E248FAD00670BF2 /* ShellScript */,
			);
			buildRules = (
			);
			dependencies = (
			);
			name = Instagram;
			productName = Instagram;
			productReference = 98DA890B1E11FFDC001DA087 /* Instagram.app */;
			productType = "com.apple.product-type.application";
		};
/* End PBXNativeTarget section */

/* Begin PBXProject section */
		98DA89031E11FFDC001DA087 /* Project object */ = {
			isa = PBXProject;
			attributes = {
				LastSwiftUpdateCheck = 0810;
				LastUpgradeCheck = 0810;
				ORGANIZATIONNAME = kotarou.kobayashi;
				TargetAttributes = {
					98DA890A1E11FFDC001DA087 = {
						CreatedOnToolsVersion = 8.1;
						DevelopmentTeam = P7NJ9KX3WJ;
						ProvisioningStyle = Automatic;
					};
				};
			};
			buildConfigurationList = 98DA89061E11FFDC001DA087 /* Build configuration list for PBXProject "Instagram" */;
			compatibilityVersion = "Xcode 3.2";
			developmentRegion = English;
			hasScannedForEncodings = 0;
			knownRegions = (
				en,
				Base,
			);
			mainGroup = 98DA89021E11FFDC001DA087;
			productRefGroup = 98DA890C1E11FFDC001DA087 /* Products */;
			projectDirPath = "";
			projectRoot = "";
			targets = (
				98DA890A1E11FFDC001DA087 /* Instagram */,
			);
		};
/* End PBXProject section */

/* Begin PBXResourcesBuildPhase section */
		98DA89091E11FFDC001DA087 /* Resources */ = {
			isa = PBXResourcesBuildPhase;
			buildActionMask = 2147483647;
			files = (
				98DA89191E11FFDC001DA087 /* LaunchScreen.storyboard in Resources */,
				9819BB891E25087700BA8742 /* PostTableViewCell.xib in Resources */,
				98EC8C661E162CDC00C1DBBC /* GoogleService-Info.plist in Resources */,
				986436E91E29E6AA00F00BBC /* ComentTableViewCell.xib in Resources */,
				98DA89161E11FFDC001DA087 /* Assets.xcassets in Resources */,
				98DA89141E11FFDC001DA087 /* Main.storyboard in Resources */,
			);
			runOnlyForDeploymentPostprocessing = 0;
		};
/* End PBXResourcesBuildPhase section */

/* Begin PBXShellScriptBuildPhase section */
		233503D32E21AD6C82450C48 /* [CP] Check Pods Manifest.lock */ = {
			isa = PBXShellScriptBuildPhase;
			buildActionMask = 2147483647;
			files = (
			);
			inputPaths = (
			);
			name = "[CP] Check Pods Manifest.lock";
			outputPaths = (
			);
			runOnlyForDeploymentPostprocessing = 0;
			shellPath = /bin/sh;
			shellScript = "diff \"${PODS_ROOT}/../Podfile.lock\" \"${PODS_ROOT}/Manifest.lock\" > /dev/null\nif [ $? != 0 ] ; then\n    # print error to STDERR\n    echo \"error: The sandbox is not in sync with the Podfile.lock. Run 'pod install' or update your CocoaPods installation.\" >&2\n    exit 1\nfi\n";
			showEnvVarsInLog = 0;
		};
		2FC8AC7412F8366C82A532C0 /* [CP] Embed Pods Frameworks */ = {
			isa = PBXShellScriptBuildPhase;
			buildActionMask = 2147483647;
			files = (
			);
			inputPaths = (
			);
			name = "[CP] Embed Pods Frameworks";
			outputPaths = (
			);
			runOnlyForDeploymentPostprocessing = 0;
			shellPath = /bin/sh;
			shellScript = "\"${SRCROOT}/Pods/Target Support Files/Pods-Instagram/Pods-Instagram-frameworks.sh\"\n";
			showEnvVarsInLog = 0;
		};
		981588091E248FAD00670BF2 /* ShellScript */ = {
			isa = PBXShellScriptBuildPhase;
			buildActionMask = 2147483647;
			files = (
			);
			inputPaths = (
			);
			outputPaths = (
			);
			runOnlyForDeploymentPostprocessing = 0;
			shellPath = /bin/sh;
			shellScript = "bash \"${BUILT_PRODUCTS_DIR}/${FRAMEWORKS_FOLDER_PATH}/AdobeCreativeSDKCore.framework/strip-frameworks.sh\"";
		};
		AC0F6CBA1185D3DE744C50EE /* [CP] Copy Pods Resources */ = {
			isa = PBXShellScriptBuildPhase;
			buildActionMask = 2147483647;
			files = (
			);
			inputPaths = (
			);
			name = "[CP] Copy Pods Resources";
			outputPaths = (
			);
			runOnlyForDeploymentPostprocessing = 0;
			shellPath = /bin/sh;
			shellScript = "\"${SRCROOT}/Pods/Target Support Files/Pods-Instagram/Pods-Instagram-resources.sh\"\n";
			showEnvVarsInLog = 0;
		};
/* End PBXShellScriptBuildPhase section */

/* Begin PBXSourcesBuildPhase section */
		98DA89071E11FFDC001DA087 /* Sources */ = {
			isa = PBXSourcesBuildPhase;
			buildActionMask = 2147483647;
			files = (
				98DA89271E120279001DA087 /* PostViewController.swift in Sources */,
				986436E81E29E6AA00F00BBC /* ComentTableViewCell.swift in Sources */,
				98DA89211E120169001DA087 /* LoginViewController.swift in Sources */,
				98DA89111E11FFDC001DA087 /* ViewController.swift in Sources */,
				986436E51E29E46E00F00BBC /* ComentViewController.swift in Sources */,
				98DA890F1E11FFDC001DA087 /* AppDelegate.swift in Sources */,
				98DA89251E120223001DA087 /* ImageSelectViewController.swift in Sources */,
				9819BB8B1E25168100BA8742 /* PostData.swift in Sources */,
				9815880C1E24B81D00670BF2 /* Const.swift in Sources */,
				98DA89291E1202C3001DA087 /* SettingViewController.swift in Sources */,
				98DA89231E1201C8001DA087 /* HomeViewController.swift in Sources */,
				9819BB881E25087700BA8742 /* PostTableViewCell.swift in Sources */,
			);
			runOnlyForDeploymentPostprocessing = 0;
		};
/* End PBXSourcesBuildPhase section */

/* Begin PBXVariantGroup section */
		98DA89121E11FFDC001DA087 /* Main.storyboard */ = {
			isa = PBXVariantGroup;
			children = (
				98DA89131E11FFDC001DA087 /* Base */,
			);
			name = Main.storyboard;
			sourceTree = "<group>";
		};
		98DA89171E11FFDC001DA087 /* LaunchScreen.storyboard */ = {
			isa = PBXVariantGroup;
			children = (
				98DA89181E11FFDC001DA087 /* Base */,
			);
			name = LaunchScreen.storyboard;
			sourceTree = "<group>";
		};
/* End PBXVariantGroup section */

/* Begin XCBuildConfiguration section */
		98DA891B1E11FFDC001DA087 /* Debug */ = {
			isa = XCBuildConfiguration;
			buildSettings = {
				ALWAYS_SEARCH_USER_PATHS = NO;
				CLANG_ANALYZER_NONNULL = YES;
				CLANG_CXX_LANGUAGE_STANDARD = "gnu++0x";
				CLANG_CXX_LIBRARY = "libc++";
				CLANG_ENABLE_MODULES = YES;
				CLANG_ENABLE_OBJC_ARC = YES;
				CLANG_WARN_BOOL_CONVERSION = YES;
				CLANG_WARN_CONSTANT_CONVERSION = YES;
				CLANG_WARN_DIRECT_OBJC_ISA_USAGE = YES_ERROR;
				CLANG_WARN_DOCUMENTATION_COMMENTS = YES;
				CLANG_WARN_EMPTY_BODY = YES;
				CLANG_WARN_ENUM_CONVERSION = YES;
				CLANG_WARN_INFINITE_RECURSION = YES;
				CLANG_WARN_INT_CONVERSION = YES;
				CLANG_WARN_OBJC_ROOT_CLASS = YES_ERROR;
				CLANG_WARN_SUSPICIOUS_MOVE = YES;
				CLANG_WARN_SUSPICIOUS_MOVES = YES;
				CLANG_WARN_UNREACHABLE_CODE = YES;
				CLANG_WARN__DUPLICATE_METHOD_MATCH = YES;
				"CODE_SIGN_IDENTITY[sdk=iphoneos*]" = "iPhone Developer";
				COPY_PHASE_STRIP = NO;
				DEBUG_INFORMATION_FORMAT = dwarf;
				ENABLE_STRICT_OBJC_MSGSEND = YES;
				ENABLE_TESTABILITY = YES;
				GCC_C_LANGUAGE_STANDARD = gnu99;
				GCC_DYNAMIC_NO_PIC = NO;
				GCC_NO_COMMON_BLOCKS = YES;
				GCC_OPTIMIZATION_LEVEL = 0;
				GCC_PREPROCESSOR_DEFINITIONS = (
					"DEBUG=1",
					"$(inherited)",
				);
				GCC_WARN_64_TO_32_BIT_CONVERSION = YES;
				GCC_WARN_ABOUT_RETURN_TYPE = YES_ERROR;
				GCC_WARN_UNDECLARED_SELECTOR = YES;
				GCC_WARN_UNINITIALIZED_AUTOS = YES_AGGRESSIVE;
				GCC_WARN_UNUSED_FUNCTION = YES;
				GCC_WARN_UNUSED_VARIABLE = YES;
				IPHONEOS_DEPLOYMENT_TARGET = 10.1;
				MTL_ENABLE_DEBUG_INFO = YES;
				ONLY_ACTIVE_ARCH = YES;
				SDKROOT = iphoneos;
				SWIFT_ACTIVE_COMPILATION_CONDITIONS = DEBUG;
				SWIFT_OPTIMIZATION_LEVEL = "-Onone";
			};
			name = Debug;
		};
		98DA891C1E11FFDC001DA087 /* Release */ = {
			isa = XCBuildConfiguration;
			buildSettings = {
				ALWAYS_SEARCH_USER_PATHS = NO;
				CLANG_ANALYZER_NONNULL = YES;
				CLANG_CXX_LANGUAGE_STANDARD = "gnu++0x";
				CLANG_CXX_LIBRARY = "libc++";
				CLANG_ENABLE_MODULES = YES;
				CLANG_ENABLE_OBJC_ARC = YES;
				CLANG_WARN_BOOL_CONVERSION = YES;
				CLANG_WARN_CONSTANT_CONVERSION = YES;
				CLANG_WARN_DIRECT_OBJC_ISA_USAGE = YES_ERROR;
				CLANG_WARN_DOCUMENTATION_COMMENTS = YES;
				CLANG_WARN_EMPTY_BODY = YES;
				CLANG_WARN_ENUM_CONVERSION = YES;
				CLANG_WARN_INFINITE_RECURSION = YES;
				CLANG_WARN_INT_CONVERSION = YES;
				CLANG_WARN_OBJC_ROOT_CLASS = YES_ERROR;
				CLANG_WARN_SUSPICIOUS_MOVE = YES;
				CLANG_WARN_SUSPICIOUS_MOVES = YES;
				CLANG_WARN_UNREACHABLE_CODE = YES;
				CLANG_WARN__DUPLICATE_METHOD_MATCH = YES;
				"CODE_SIGN_IDENTITY[sdk=iphoneos*]" = "iPhone Developer";
				COPY_PHASE_STRIP = NO;
				DEBUG_INFORMATION_FORMAT = "dwarf-with-dsym";
				ENABLE_NS_ASSERTIONS = NO;
				ENABLE_STRICT_OBJC_MSGSEND = YES;
				GCC_C_LANGUAGE_STANDARD = gnu99;
				GCC_NO_COMMON_BLOCKS = YES;
				GCC_WARN_64_TO_32_BIT_CONVERSION = YES;
				GCC_WARN_ABOUT_RETURN_TYPE = YES_ERROR;
				GCC_WARN_UNDECLARED_SELECTOR = YES;
				GCC_WARN_UNINITIALIZED_AUTOS = YES_AGGRESSIVE;
				GCC_WARN_UNUSED_FUNCTION = YES;
				GCC_WARN_UNUSED_VARIABLE = YES;
				IPHONEOS_DEPLOYMENT_TARGET = 10.1;
				MTL_ENABLE_DEBUG_INFO = NO;
				SDKROOT = iphoneos;
				SWIFT_OPTIMIZATION_LEVEL = "-Owholemodule";
				VALIDATE_PRODUCT = YES;
			};
			name = Release;
		};
		98DA891E1E11FFDC001DA087 /* Debug */ = {
			isa = XCBuildConfiguration;
			baseConfigurationReference = 33F2DC4F284105EDEEDDEF85 /* Pods-Instagram.debug.xcconfig */;
			buildSettings = {
				ASSETCATALOG_COMPILER_APPICON_NAME = AppIcon;
				DEVELOPMENT_TEAM = P7NJ9KX3WJ;
				FRAMEWORK_SEARCH_PATHS = (
					"$(inherited)",
					"$(PROJECT_DIR)/Instagram/**",
				);
				INFOPLIST_FILE = Instagram/Info.plist;
				LD_RUNPATH_SEARCH_PATHS = "$(inherited) @executable_path/Frameworks";
				PRODUCT_BUNDLE_IDENTIFIER = jp.techacademy.kotarou.kobayashi.Instagram;
				PRODUCT_NAME = "$(TARGET_NAME)";
				SWIFT_OBJC_BRIDGING_HEADER = "$(SRCROOT)/$(PRODUCT)Instagram-Bridging-Header.h";
				SWIFT_VERSION = 3.0;
			};
			name = Debug;
		};
		98DA891F1E11FFDC001DA087 /* Release */ = {
			isa = XCBuildConfiguration;
			baseConfigurationReference = 9537A23A2414C60C1AA29468 /* Pods-Instagram.release.xcconfig */;
			buildSettings = {
				ASSETCATALOG_COMPILER_APPICON_NAME = AppIcon;
				DEVELOPMENT_TEAM = P7NJ9KX3WJ;
				FRAMEWORK_SEARCH_PATHS = (
					"$(inherited)",
					"$(PROJECT_DIR)/Instagram/**",
				);
				INFOPLIST_FILE = Instagram/Info.plist;
				LD_RUNPATH_SEARCH_PATHS = "$(inherited) @executable_path/Frameworks";
				PRODUCT_BUNDLE_IDENTIFIER = jp.techacademy.kotarou.kobayashi.Instagram;
				PRODUCT_NAME = "$(TARGET_NAME)";
				SWIFT_OBJC_BRIDGING_HEADER = "$(SRCROOT)/$(PRODUCT)Instagram-Bridging-Header.h";
				SWIFT_VERSION = 3.0;
			};
			name = Release;
		};
/* End XCBuildConfiguration section */

/* Begin XCConfigurationList section */
		98DA89061E11FFDC001DA087 /* Build configuration list for PBXProject "Instagram" */ = {
			isa = XCConfigurationList;
			buildConfigurations = (
				98DA891B1E11FFDC001DA087 /* Debug */,
				98DA891C1E11FFDC001DA087 /* Release */,
			);
			defaultConfigurationIsVisible = 0;
			defaultConfigurationName = Release;
		};
		98DA891D1E11FFDC001DA087 /* Build configuration list for PBXNativeTarget "Instagram" */ = {
			isa = XCConfigurationList;
			buildConfigurations = (
				98DA891E1E11FFDC001DA087 /* Debug */,
				98DA891F1E11FFDC001DA087 /* Release */,
			);
			defaultConfigurationIsVisible = 0;
			defaultConfigurationName = Release;
		};
/* End XCConfigurationList section */
	};
	rootObject = 98DA89031E11FFDC001DA087 /* Project object */;
}
